
Microsoft Visual Studio Solution File, Format Version 12.00
# Visual Studio 15
VisualStudioVersion = 15.0.28010.2019
MinimumVisualStudioVersion = 10.0.40219.1
Project("{FAE04EC0-301F-11D3-BF4B-00C04F79EFBC}") = "TheProject", "TheProject\TheProject.csproj", "{D5FA25E5-049A-4861-BCB0-94748EDE2C12}"
EndProject
Global
	GlobalSection(SolutionConfigurationPlatforms) = preSolution
		Debug|Any CPU = Debug|Any CPU
		Release|Any CPU = Release|Any CPU
	EndGlobalSection
	GlobalSection(ProjectConfigurationPlatforms) = postSolution
		{D5FA25E5-049A-4861-BCB0-94748EDE2C12}.Debug|Any CPU.ActiveCfg = Debug|Any CPU
		{D5FA25E5-049A-4861-BCB0-94748EDE2C12}.Debug|Any CPU.Build.0 = Debug|Any CPU
		{D5FA25E5-049A-4861-BCB0-94748EDE2C12}.Release|Any CPU.ActiveCfg = Release|Any CPU
		{D5FA25E5-049A-4861-BCB0-94748EDE2C12}.Release|Any CPU.Build.0 = Release|Any CPU
	EndGlobalSection
	GlobalSection(SolutionProperties) = preSolution
		HideSolutionNode = FALSE
	EndGlobalSection
	GlobalSection(ExtensibilityGlobals) = postSolution
		SolutionGuid = {7FB12C47-662A-4D1A-B1D4-07ECB1B2A697}
	EndGlobalSection
EndGlobal
