
Microsoft Visual Studio Solution File, Format Version 12.00
# Visual Studio 15
VisualStudioVersion = 15.0.26124.0
MinimumVisualStudioVersion = 15.0.26124.0
Project("{FAE04EC0-301F-11D3-BF4B-00C04F79EFBC}") = "Domain", "Domain\Domain.csproj", "{C45F285E-A3CB-4BEF-A819-21B04E54E18A}"
EndProject
Project("{FAE04EC0-301F-11D3-BF4B-00C04F79EFBC}") = "Application", "Application\Application.csproj", "{323BD0E5-4C73-4B88-97B9-230471A426F7}"
EndProject
Project("{FAE04EC0-301F-11D3-BF4B-00C04F79EFBC}") = "API", "API\API.csproj", "{241EF1FE-E679-45A8-B2BF-D2F4DEAA7D46}"
EndProject
Project("{FAE04EC0-301F-11D3-BF4B-00C04F79EFBC}") = "Persistence", "Persistence\Persistence.csproj", "{E84E0FF6-717A-4FDC-A889-B32D22DD7F5D}"
EndProject
Project("{FAE04EC0-301F-11D3-BF4B-00C04F79EFBC}") = "AzureML", "AzureML\AzureML.csproj", "{EB2E3C70-A959-4FAF-9373-B65E23501BA0}"
EndProject
Global
	GlobalSection(SolutionConfigurationPlatforms) = preSolution
		Debug|Any CPU = Debug|Any CPU
		Debug|x64 = Debug|x64
		Debug|x86 = Debug|x86
		Release|Any CPU = Release|Any CPU
		Release|x64 = Release|x64
		Release|x86 = Release|x86
	EndGlobalSection
	GlobalSection(SolutionProperties) = preSolution
		HideSolutionNode = FALSE
	EndGlobalSection
	GlobalSection(ProjectConfigurationPlatforms) = postSolution
		{C45F285E-A3CB-4BEF-A819-21B04E54E18A}.Debug|Any CPU.ActiveCfg = Debug|Any CPU
		{C45F285E-A3CB-4BEF-A819-21B04E54E18A}.Debug|Any CPU.Build.0 = Debug|Any CPU
		{C45F285E-A3CB-4BEF-A819-21B04E54E18A}.Debug|x64.ActiveCfg = Debug|Any CPU
		{C45F285E-A3CB-4BEF-A819-21B04E54E18A}.Debug|x64.Build.0 = Debug|Any CPU
		{C45F285E-A3CB-4BEF-A819-21B04E54E18A}.Debug|x86.ActiveCfg = Debug|Any CPU
		{C45F285E-A3CB-4BEF-A819-21B04E54E18A}.Debug|x86.Build.0 = Debug|Any CPU
		{C45F285E-A3CB-4BEF-A819-21B04E54E18A}.Release|Any CPU.ActiveCfg = Release|Any CPU
		{C45F285E-A3CB-4BEF-A819-21B04E54E18A}.Release|Any CPU.Build.0 = Release|Any CPU
		{C45F285E-A3CB-4BEF-A819-21B04E54E18A}.Release|x64.ActiveCfg = Release|Any CPU
		{C45F285E-A3CB-4BEF-A819-21B04E54E18A}.Release|x64.Build.0 = Release|Any CPU
		{C45F285E-A3CB-4BEF-A819-21B04E54E18A}.Release|x86.ActiveCfg = Release|Any CPU
		{C45F285E-A3CB-4BEF-A819-21B04E54E18A}.Release|x86.Build.0 = Release|Any CPU
		{323BD0E5-4C73-4B88-97B9-230471A426F7}.Debug|Any CPU.ActiveCfg = Debug|Any CPU
		{323BD0E5-4C73-4B88-97B9-230471A426F7}.Debug|Any CPU.Build.0 = Debug|Any CPU
		{323BD0E5-4C73-4B88-97B9-230471A426F7}.Debug|x64.ActiveCfg = Debug|Any CPU
		{323BD0E5-4C73-4B88-97B9-230471A426F7}.Debug|x64.Build.0 = Debug|Any CPU
		{323BD0E5-4C73-4B88-97B9-230471A426F7}.Debug|x86.ActiveCfg = Debug|Any CPU
		{323BD0E5-4C73-4B88-97B9-230471A426F7}.Debug|x86.Build.0 = Debug|Any CPU
		{323BD0E5-4C73-4B88-97B9-230471A426F7}.Release|Any CPU.ActiveCfg = Release|Any CPU
		{323BD0E5-4C73-4B88-97B9-230471A426F7}.Release|Any CPU.Build.0 = Release|Any CPU
		{323BD0E5-4C73-4B88-97B9-230471A426F7}.Release|x64.ActiveCfg = Release|Any CPU
		{323BD0E5-4C73-4B88-97B9-230471A426F7}.Release|x64.Build.0 = Release|Any CPU
		{323BD0E5-4C73-4B88-97B9-230471A426F7}.Release|x86.ActiveCfg = Release|Any CPU
		{323BD0E5-4C73-4B88-97B9-230471A426F7}.Release|x86.Build.0 = Release|Any CPU
		{241EF1FE-E679-45A8-B2BF-D2F4DEAA7D46}.Debug|Any CPU.ActiveCfg = Debug|Any CPU
		{241EF1FE-E679-45A8-B2BF-D2F4DEAA7D46}.Debug|Any CPU.Build.0 = Debug|Any CPU
		{241EF1FE-E679-45A8-B2BF-D2F4DEAA7D46}.Debug|x64.ActiveCfg = Debug|Any CPU
		{241EF1FE-E679-45A8-B2BF-D2F4DEAA7D46}.Debug|x64.Build.0 = Debug|Any CPU
		{241EF1FE-E679-45A8-B2BF-D2F4DEAA7D46}.Debug|x86.ActiveCfg = Debug|Any CPU
		{241EF1FE-E679-45A8-B2BF-D2F4DEAA7D46}.Debug|x86.Build.0 = Debug|Any CPU
		{241EF1FE-E679-45A8-B2BF-D2F4DEAA7D46}.Release|Any CPU.ActiveCfg = Release|Any CPU
		{241EF1FE-E679-45A8-B2BF-D2F4DEAA7D46}.Release|Any CPU.Build.0 = Release|Any CPU
		{241EF1FE-E679-45A8-B2BF-D2F4DEAA7D46}.Release|x64.ActiveCfg = Release|Any CPU
		{241EF1FE-E679-45A8-B2BF-D2F4DEAA7D46}.Release|x64.Build.0 = Release|Any CPU
		{241EF1FE-E679-45A8-B2BF-D2F4DEAA7D46}.Release|x86.ActiveCfg = Release|Any CPU
		{241EF1FE-E679-45A8-B2BF-D2F4DEAA7D46}.Release|x86.Build.0 = Release|Any CPU
		{E84E0FF6-717A-4FDC-A889-B32D22DD7F5D}.Debug|Any CPU.ActiveCfg = Debug|Any CPU
		{E84E0FF6-717A-4FDC-A889-B32D22DD7F5D}.Debug|Any CPU.Build.0 = Debug|Any CPU
		{E84E0FF6-717A-4FDC-A889-B32D22DD7F5D}.Debug|x64.ActiveCfg = Debug|Any CPU
		{E84E0FF6-717A-4FDC-A889-B32D22DD7F5D}.Debug|x64.Build.0 = Debug|Any CPU
		{E84E0FF6-717A-4FDC-A889-B32D22DD7F5D}.Debug|x86.ActiveCfg = Debug|Any CPU
		{E84E0FF6-717A-4FDC-A889-B32D22DD7F5D}.Debug|x86.Build.0 = Debug|Any CPU
		{E84E0FF6-717A-4FDC-A889-B32D22DD7F5D}.Release|Any CPU.ActiveCfg = Release|Any CPU
		{E84E0FF6-717A-4FDC-A889-B32D22DD7F5D}.Release|Any CPU.Build.0 = Release|Any CPU
		{E84E0FF6-717A-4FDC-A889-B32D22DD7F5D}.Release|x64.ActiveCfg = Release|Any CPU
		{E84E0FF6-717A-4FDC-A889-B32D22DD7F5D}.Release|x64.Build.0 = Release|Any CPU
		{E84E0FF6-717A-4FDC-A889-B32D22DD7F5D}.Release|x86.ActiveCfg = Release|Any CPU
		{E84E0FF6-717A-4FDC-A889-B32D22DD7F5D}.Release|x86.Build.0 = Release|Any CPU
		{EB2E3C70-A959-4FAF-9373-B65E23501BA0}.Debug|Any CPU.ActiveCfg = Debug|Any CPU
		{EB2E3C70-A959-4FAF-9373-B65E23501BA0}.Debug|Any CPU.Build.0 = Debug|Any CPU
		{EB2E3C70-A959-4FAF-9373-B65E23501BA0}.Debug|x64.ActiveCfg = Debug|Any CPU
		{EB2E3C70-A959-4FAF-9373-B65E23501BA0}.Debug|x64.Build.0 = Debug|Any CPU
		{EB2E3C70-A959-4FAF-9373-B65E23501BA0}.Debug|x86.ActiveCfg = Debug|Any CPU
		{EB2E3C70-A959-4FAF-9373-B65E23501BA0}.Debug|x86.Build.0 = Debug|Any CPU
		{EB2E3C70-A959-4FAF-9373-B65E23501BA0}.Release|Any CPU.ActiveCfg = Release|Any CPU
		{EB2E3C70-A959-4FAF-9373-B65E23501BA0}.Release|Any CPU.Build.0 = Release|Any CPU
		{EB2E3C70-A959-4FAF-9373-B65E23501BA0}.Release|x64.ActiveCfg = Release|Any CPU
		{EB2E3C70-A959-4FAF-9373-B65E23501BA0}.Release|x64.Build.0 = Release|Any CPU
		{EB2E3C70-A959-4FAF-9373-B65E23501BA0}.Release|x86.ActiveCfg = Release|Any CPU
		{EB2E3C70-A959-4FAF-9373-B65E23501BA0}.Release|x86.Build.0 = Release|Any CPU
	EndGlobalSection
EndGlobal
